
Microsoft Visual Studio Solution File, Format Version 12.00
# Visual Studio 15
VisualStudioVersion = 15.0.27004.2008
MinimumVisualStudioVersion = 10.0.40219.1
Project("{FAE04EC0-301F-11D3-BF4B-00C04F79EFBC}") = "WebShop", "WebShop\WebShop.csproj", "{A2D25186-1C17-43D3-8F8E-E2C8923DAD14}"
EndProject
Project("{FAE04EC0-301F-11D3-BF4B-00C04F79EFBC}") = "UpdateAuctionsJob", "UpdateAuctionsJob\UpdateAuctionsJob.csproj", "{600B0A80-968D-491A-A246-CAC8F27CA299}"
EndProject
Global
	GlobalSection(SolutionConfigurationPlatforms) = preSolution
		Debug|Any CPU = Debug|Any CPU
		Release|Any CPU = Release|Any CPU
	EndGlobalSection
	GlobalSection(ProjectConfigurationPlatforms) = postSolution
		{A2D25186-1C17-43D3-8F8E-E2C8923DAD14}.Debug|Any CPU.ActiveCfg = Debug|Any CPU
		{A2D25186-1C17-43D3-8F8E-E2C8923DAD14}.Debug|Any CPU.Build.0 = Debug|Any CPU
		{A2D25186-1C17-43D3-8F8E-E2C8923DAD14}.Release|Any CPU.ActiveCfg = Release|Any CPU
		{A2D25186-1C17-43D3-8F8E-E2C8923DAD14}.Release|Any CPU.Build.0 = Release|Any CPU
		{600B0A80-968D-491A-A246-CAC8F27CA299}.Debug|Any CPU.ActiveCfg = Debug|Any CPU
		{600B0A80-968D-491A-A246-CAC8F27CA299}.Debug|Any CPU.Build.0 = Debug|Any CPU
		{600B0A80-968D-491A-A246-CAC8F27CA299}.Release|Any CPU.ActiveCfg = Release|Any CPU
		{600B0A80-968D-491A-A246-CAC8F27CA299}.Release|Any CPU.Build.0 = Release|Any CPU
	EndGlobalSection
	GlobalSection(SolutionProperties) = preSolution
		HideSolutionNode = FALSE
	EndGlobalSection
	GlobalSection(ExtensibilityGlobals) = postSolution
		SolutionGuid = {EB49789A-D029-4A33-8546-912E85F60F72}
	EndGlobalSection
EndGlobal
